
Microsoft Visual Studio Solution File, Format Version 12.00
# Visual Studio Version 16
VisualStudioVersion = 16.0.31424.327
MinimumVisualStudioVersion = 10.0.40219.1
Project("{FAE04EC0-301F-11D3-BF4B-00C04F79EFBC}") = "Prueba de git2", "Prueba de git2\Prueba de git2.csproj", "{45DA6F69-36F7-47C7-BC5C-078666641EA7}"
EndProject
Global
	GlobalSection(SolutionConfigurationPlatforms) = preSolution
		Debug|Any CPU = Debug|Any CPU
		Release|Any CPU = Release|Any CPU
	EndGlobalSection
	GlobalSection(ProjectConfigurationPlatforms) = postSolution
		{45DA6F69-36F7-47C7-BC5C-078666641EA7}.Debug|Any CPU.ActiveCfg = Debug|Any CPU
		{45DA6F69-36F7-47C7-BC5C-078666641EA7}.Debug|Any CPU.Build.0 = Debug|Any CPU
		{45DA6F69-36F7-47C7-BC5C-078666641EA7}.Release|Any CPU.ActiveCfg = Release|Any CPU
		{45DA6F69-36F7-47C7-BC5C-078666641EA7}.Release|Any CPU.Build.0 = Release|Any CPU
	EndGlobalSection
	GlobalSection(SolutionProperties) = preSolution
		HideSolutionNode = FALSE
	EndGlobalSection
	GlobalSection(ExtensibilityGlobals) = postSolution
		SolutionGuid = {58944B52-2CCE-4FD9-A78E-E34A3826BB46}
	EndGlobalSection
EndGlobal
